
Microsoft Visual Studio Solution File, Format Version 12.00
Project("{FAE04EC0-301F-11D3-BF4B-00C04F79EFBC}") = "elli-assist", "elli-assist\elli-assist.csproj", "{195A5ECD-53C3-4420-970D-DA0E2099F892}"
EndProject
Global
	GlobalSection(SolutionConfigurationPlatforms) = preSolution
		Debug|Any CPU = Debug|Any CPU
		Release|Any CPU = Release|Any CPU
	EndGlobalSection
	GlobalSection(ProjectConfigurationPlatforms) = postSolution
		{195A5ECD-53C3-4420-970D-DA0E2099F892}.Debug|Any CPU.ActiveCfg = Debug|Any CPU
		{195A5ECD-53C3-4420-970D-DA0E2099F892}.Debug|Any CPU.Build.0 = Debug|Any CPU
		{195A5ECD-53C3-4420-970D-DA0E2099F892}.Release|Any CPU.ActiveCfg = Release|Any CPU
		{195A5ECD-53C3-4420-970D-DA0E2099F892}.Release|Any CPU.Build.0 = Release|Any CPU
	EndGlobalSection
EndGlobal
